
Microsoft Visual Studio Solution File, Format Version 11.00
# Visual Studio 2010
Project("{FAE04EC0-301F-11D3-BF4B-00C04F79EFBC}") = "Torshify.Client", "src\Torshify.Client\Torshify.Client.csproj", "{2A198CB8-83EF-4889-B3AA-CDC4D886B84C}"
EndProject
Project("{FAE04EC0-301F-11D3-BF4B-00C04F79EFBC}") = "Torshify.Client.Infrastructure", "src\Torshify.Client.Infrastructure\Torshify.Client.Infrastructure.csproj", "{7134446D-B55C-4328-80E8-C72D05A7E4BC}"
EndProject
Project("{FAE04EC0-301F-11D3-BF4B-00C04F79EFBC}") = "Torshify.Client.Modules.Core", "src\Torshify.Client.Modules.Core\Torshify.Client.Modules.Core.csproj", "{09AE80A9-E096-4D81-9086-A14C9898B34D}"
EndProject
Project("{FAE04EC0-301F-11D3-BF4B-00C04F79EFBC}") = "Torshify.Client.Mocks", "src\Torshify.Client.Mocks\Torshify.Client.Mocks.csproj", "{0E35EC5D-5363-4BE2-80CE-56A9861AC7FB}"
EndProject
Global
	GlobalSection(SolutionConfigurationPlatforms) = preSolution
		Debug|Any CPU = Debug|Any CPU
		Debug|Mixed Platforms = Debug|Mixed Platforms
		Debug|x86 = Debug|x86
		Release|Any CPU = Release|Any CPU
		Release|Mixed Platforms = Release|Mixed Platforms
		Release|x86 = Release|x86
	EndGlobalSection
	GlobalSection(ProjectConfigurationPlatforms) = postSolution
		{2A198CB8-83EF-4889-B3AA-CDC4D886B84C}.Debug|Any CPU.ActiveCfg = Debug|x86
		{2A198CB8-83EF-4889-B3AA-CDC4D886B84C}.Debug|Mixed Platforms.ActiveCfg = Debug|x86
		{2A198CB8-83EF-4889-B3AA-CDC4D886B84C}.Debug|Mixed Platforms.Build.0 = Debug|x86
		{2A198CB8-83EF-4889-B3AA-CDC4D886B84C}.Debug|x86.ActiveCfg = Debug|x86
		{2A198CB8-83EF-4889-B3AA-CDC4D886B84C}.Debug|x86.Build.0 = Debug|x86
		{2A198CB8-83EF-4889-B3AA-CDC4D886B84C}.Release|Any CPU.ActiveCfg = Release|x86
		{2A198CB8-83EF-4889-B3AA-CDC4D886B84C}.Release|Mixed Platforms.ActiveCfg = Release|x86
		{2A198CB8-83EF-4889-B3AA-CDC4D886B84C}.Release|Mixed Platforms.Build.0 = Release|x86
		{2A198CB8-83EF-4889-B3AA-CDC4D886B84C}.Release|x86.ActiveCfg = Release|x86
		{2A198CB8-83EF-4889-B3AA-CDC4D886B84C}.Release|x86.Build.0 = Release|x86
		{7134446D-B55C-4328-80E8-C72D05A7E4BC}.Debug|Any CPU.ActiveCfg = Debug|Any CPU
		{7134446D-B55C-4328-80E8-C72D05A7E4BC}.Debug|Any CPU.Build.0 = Debug|Any CPU
		{7134446D-B55C-4328-80E8-C72D05A7E4BC}.Debug|Mixed Platforms.ActiveCfg = Debug|Any CPU
		{7134446D-B55C-4328-80E8-C72D05A7E4BC}.Debug|Mixed Platforms.Build.0 = Debug|Any CPU
		{7134446D-B55C-4328-80E8-C72D05A7E4BC}.Debug|x86.ActiveCfg = Debug|Any CPU
		{7134446D-B55C-4328-80E8-C72D05A7E4BC}.Release|Any CPU.ActiveCfg = Release|Any CPU
		{7134446D-B55C-4328-80E8-C72D05A7E4BC}.Release|Any CPU.Build.0 = Release|Any CPU
		{7134446D-B55C-4328-80E8-C72D05A7E4BC}.Release|Mixed Platforms.ActiveCfg = Release|Any CPU
		{7134446D-B55C-4328-80E8-C72D05A7E4BC}.Release|Mixed Platforms.Build.0 = Release|Any CPU
		{7134446D-B55C-4328-80E8-C72D05A7E4BC}.Release|x86.ActiveCfg = Release|Any CPU
		{09AE80A9-E096-4D81-9086-A14C9898B34D}.Debug|Any CPU.ActiveCfg = Debug|Any CPU
		{09AE80A9-E096-4D81-9086-A14C9898B34D}.Debug|Any CPU.Build.0 = Debug|Any CPU
		{09AE80A9-E096-4D81-9086-A14C9898B34D}.Debug|Mixed Platforms.ActiveCfg = Debug|Any CPU
		{09AE80A9-E096-4D81-9086-A14C9898B34D}.Debug|Mixed Platforms.Build.0 = Debug|Any CPU
		{09AE80A9-E096-4D81-9086-A14C9898B34D}.Debug|x86.ActiveCfg = Debug|Any CPU
		{09AE80A9-E096-4D81-9086-A14C9898B34D}.Release|Any CPU.ActiveCfg = Release|Any CPU
		{09AE80A9-E096-4D81-9086-A14C9898B34D}.Release|Any CPU.Build.0 = Release|Any CPU
		{09AE80A9-E096-4D81-9086-A14C9898B34D}.Release|Mixed Platforms.ActiveCfg = Release|Any CPU
		{09AE80A9-E096-4D81-9086-A14C9898B34D}.Release|Mixed Platforms.Build.0 = Release|Any CPU
		{09AE80A9-E096-4D81-9086-A14C9898B34D}.Release|x86.ActiveCfg = Release|Any CPU
		{0E35EC5D-5363-4BE2-80CE-56A9861AC7FB}.Debug|Any CPU.ActiveCfg = Debug|Any CPU
		{0E35EC5D-5363-4BE2-80CE-56A9861AC7FB}.Debug|Any CPU.Build.0 = Debug|Any CPU
		{0E35EC5D-5363-4BE2-80CE-56A9861AC7FB}.Debug|Mixed Platforms.ActiveCfg = Debug|Any CPU
		{0E35EC5D-5363-4BE2-80CE-56A9861AC7FB}.Debug|Mixed Platforms.Build.0 = Debug|Any CPU
		{0E35EC5D-5363-4BE2-80CE-56A9861AC7FB}.Debug|x86.ActiveCfg = Debug|Any CPU
		{0E35EC5D-5363-4BE2-80CE-56A9861AC7FB}.Release|Any CPU.ActiveCfg = Release|Any CPU
		{0E35EC5D-5363-4BE2-80CE-56A9861AC7FB}.Release|Any CPU.Build.0 = Release|Any CPU
		{0E35EC5D-5363-4BE2-80CE-56A9861AC7FB}.Release|Mixed Platforms.ActiveCfg = Release|Any CPU
		{0E35EC5D-5363-4BE2-80CE-56A9861AC7FB}.Release|Mixed Platforms.Build.0 = Release|Any CPU
		{0E35EC5D-5363-4BE2-80CE-56A9861AC7FB}.Release|x86.ActiveCfg = Release|Any CPU
	EndGlobalSection
	GlobalSection(SolutionProperties) = preSolution
		HideSolutionNode = FALSE
	EndGlobalSection
EndGlobal
